
Microsoft Visual Studio Solution File, Format Version 12.00
# Visual Studio Version 17
VisualStudioVersion = 17.2.32602.215
MinimumVisualStudioVersion = 10.0.40219.1
Project("{FAE04EC0-301F-11D3-BF4B-00C04F79EFBC}") = "WpfApp1", "WpfApp1\WpfApp1.csproj", "{7A7AF938-CB6D-4142-81F6-FD58AC572F02}"
EndProject
Global
	GlobalSection(SolutionConfigurationPlatforms) = preSolution
		Debug|Any CPU = Debug|Any CPU
		Release|Any CPU = Release|Any CPU
	EndGlobalSection
	GlobalSection(ProjectConfigurationPlatforms) = postSolution
		{7A7AF938-CB6D-4142-81F6-FD58AC572F02}.Debug|Any CPU.ActiveCfg = Debug|Any CPU
		{7A7AF938-CB6D-4142-81F6-FD58AC572F02}.Debug|Any CPU.Build.0 = Debug|Any CPU
		{7A7AF938-CB6D-4142-81F6-FD58AC572F02}.Release|Any CPU.ActiveCfg = Release|Any CPU
		{7A7AF938-CB6D-4142-81F6-FD58AC572F02}.Release|Any CPU.Build.0 = Release|Any CPU
	EndGlobalSection
	GlobalSection(SolutionProperties) = preSolution
		HideSolutionNode = FALSE
	EndGlobalSection
	GlobalSection(ExtensibilityGlobals) = postSolution
		SolutionGuid = {2B675C09-EDA4-4D3F-B50D-3EBC80389759}
	EndGlobalSection
EndGlobal
